// !$*UTF8*$!
{
	archiveVersion = 1;
	classes = {
	};
	objectVersion = 55;
	objects = {

/* Begin PBXBuildFile section */
		1642145F2789A31200062E5E /* AppDelegate.swift in Sources */ = {isa = PBXBuildFile; fileRef = 1642145E2789A31200062E5E /* AppDelegate.swift */; };
		164214612789A31200062E5E /* SceneDelegate.swift in Sources */ = {isa = PBXBuildFile; fileRef = 164214602789A31200062E5E /* SceneDelegate.swift */; };
		164214632789A31200062E5E /* ViewController.swift in Sources */ = {isa = PBXBuildFile; fileRef = 164214622789A31200062E5E /* ViewController.swift */; };
		164214662789A31200062E5E /* Main.storyboard in Resources */ = {isa = PBXBuildFile; fileRef = 164214642789A31200062E5E /* Main.storyboard */; };
		164214682789A31300062E5E /* Assets.xcassets in Resources */ = {isa = PBXBuildFile; fileRef = 164214672789A31300062E5E /* Assets.xcassets */; };
		1642146B2789A31300062E5E /* LaunchScreen.storyboard in Resources */ = {isa = PBXBuildFile; fileRef = 164214692789A31300062E5E /* LaunchScreen.storyboard */; };
		1675266B278EDFC600A97C05 /* CellMovieModel.swift in Sources */ = {isa = PBXBuildFile; fileRef = 1675266A278EDFC600A97C05 /* CellMovieModel.swift */; };
		1675266D278EDFD600A97C05 /* CellMovie.swift in Sources */ = {isa = PBXBuildFile; fileRef = 1675266C278EDFD600A97C05 /* CellMovie.swift */; };
		16D37FAF278AE0BE0095AB43 /* APImanager .swift in Sources */ = {isa = PBXBuildFile; fileRef = 16D37FAE278AE0BE0095AB43 /* APImanager .swift */; };
		16D37FB1278AE0F80095AB43 /* ImdbModel.swift in Sources */ = {isa = PBXBuildFile; fileRef = 16D37FB0278AE0F80095AB43 /* ImdbModel.swift */; };
		D6839D5AB93C1C9BD186DFAE /* Pods_M18Homework.framework in Frameworks */ = {isa = PBXBuildFile; fileRef = DE4DBED4E3E9104222A5B952 /* Pods_M18Homework.framework */; };
/* End PBXBuildFile section */

/* Begin PBXFileReference section */
		1642145B2789A31200062E5E /* M18Homework.app */ = {isa = PBXFileReference; explicitFileType = wrapper.application; includeInIndex = 0; path = M18Homework.app; sourceTree = BUILT_PRODUCTS_DIR; };
		1642145E2789A31200062E5E /* AppDelegate.swift */ = {isa = PBXFileReference; lastKnownFileType = sourcecode.swift; path = AppDelegate.swift; sourceTree = "<group>"; };
		164214602789A31200062E5E /* SceneDelegate.swift */ = {isa = PBXFileReference; lastKnownFileType = sourcecode.swift; path = SceneDelegate.swift; sourceTree = "<group>"; };
		164214622789A31200062E5E /* ViewController.swift */ = {isa = PBXFileReference; lastKnownFileType = sourcecode.swift; path = ViewController.swift; sourceTree = "<group>"; };
		164214652789A31200062E5E /* Base */ = {isa = PBXFileReference; lastKnownFileType = file.storyboard; name = Base; path = Base.lproj/Main.storyboard; sourceTree = "<group>"; };
		164214672789A31300062E5E /* Assets.xcassets */ = {isa = PBXFileReference; lastKnownFileType = folder.assetcatalog; path = Assets.xcassets; sourceTree = "<group>"; };
		1642146A2789A31300062E5E /* Base */ = {isa = PBXFileReference; lastKnownFileType = file.storyboard; name = Base; path = Base.lproj/LaunchScreen.storyboard; sourceTree = "<group>"; };
		1642146C2789A31300062E5E /* Info.plist */ = {isa = PBXFileReference; lastKnownFileType = text.plist.xml; path = Info.plist; sourceTree = "<group>"; };
		1675266A278EDFC600A97C05 /* CellMovieModel.swift */ = {isa = PBXFileReference; lastKnownFileType = sourcecode.swift; path = CellMovieModel.swift; sourceTree = "<group>"; };
		1675266C278EDFD600A97C05 /* CellMovie.swift */ = {isa = PBXFileReference; lastKnownFileType = sourcecode.swift; path = CellMovie.swift; sourceTree = "<group>"; };
		16D37FAE278AE0BE0095AB43 /* APImanager .swift */ = {isa = PBXFileReference; lastKnownFileType = sourcecode.swift; path = "APImanager .swift"; sourceTree = "<group>"; };
		16D37FB0278AE0F80095AB43 /* ImdbModel.swift */ = {isa = PBXFileReference; lastKnownFileType = sourcecode.swift; path = ImdbModel.swift; sourceTree = "<group>"; };
		2290FEE9D90E7D43A7E4F5FD /* Pods-M18Homework.release.xcconfig */ = {isa = PBXFileReference; includeInIndex = 1; lastKnownFileType = text.xcconfig; name = "Pods-M18Homework.release.xcconfig"; path = "Target Support Files/Pods-M18Homework/Pods-M18Homework.release.xcconfig"; sourceTree = "<group>"; };
		38536664796A23AFB85938F9 /* Pods-M18Homework.debug.xcconfig */ = {isa = PBXFileReference; includeInIndex = 1; lastKnownFileType = text.xcconfig; name = "Pods-M18Homework.debug.xcconfig"; path = "Target Support Files/Pods-M18Homework/Pods-M18Homework.debug.xcconfig"; sourceTree = "<group>"; };
		DE4DBED4E3E9104222A5B952 /* Pods_M18Homework.framework */ = {isa = PBXFileReference; explicitFileType = wrapper.framework; includeInIndex = 0; path = Pods_M18Homework.framework; sourceTree = BUILT_PRODUCTS_DIR; };
/* End PBXFileReference section */

/* Begin PBXFrameworksBuildPhase section */
		164214582789A31200062E5E /* Frameworks */ = {
			isa = PBXFrameworksBuildPhase;
			buildActionMask = 2147483647;
			files = (
				D6839D5AB93C1C9BD186DFAE /* Pods_M18Homework.framework in Frameworks */,
			);
			runOnlyForDeploymentPostprocessing = 0;
		};
/* End PBXFrameworksBuildPhase section */

/* Begin PBXGroup section */
		164214522789A31200062E5E = {
			isa = PBXGroup;
			children = (
				1642145D2789A31200062E5E /* M18Homework */,
				1642145C2789A31200062E5E /* Products */,
				563E39B9B11D1766B5349E15 /* Pods */,
				9453AFB41204F9343B8DF5A4 /* Frameworks */,
			);
			sourceTree = "<group>";
		};
		1642145C2789A31200062E5E /* Products */ = {
			isa = PBXGroup;
			children = (
				1642145B2789A31200062E5E /* M18Homework.app */,
			);
			name = Products;
			sourceTree = "<group>";
		};
		1642145D2789A31200062E5E /* M18Homework */ = {
			isa = PBXGroup;
			children = (
				16D37FAB278AD67D0095AB43 /* API */,
				1642145E2789A31200062E5E /* AppDelegate.swift */,
				164214602789A31200062E5E /* SceneDelegate.swift */,
				16752668278EDF9300A97C05 /* MainScreen */,
				164214642789A31200062E5E /* Main.storyboard */,
				164214672789A31300062E5E /* Assets.xcassets */,
				164214692789A31300062E5E /* LaunchScreen.storyboard */,
				1642146C2789A31300062E5E /* Info.plist */,
			);
			path = M18Homework;
			sourceTree = "<group>";
		};
		16752668278EDF9300A97C05 /* MainScreen */ = {
			isa = PBXGroup;
			children = (
				164214622789A31200062E5E /* ViewController.swift */,
				16752669278EDF9C00A97C05 /* CellMovie */,
			);
			path = MainScreen;
			sourceTree = "<group>";
		};
		16752669278EDF9C00A97C05 /* CellMovie */ = {
			isa = PBXGroup;
			children = (
				1675266A278EDFC600A97C05 /* CellMovieModel.swift */,
				1675266C278EDFD600A97C05 /* CellMovie.swift */,
			);
			path = CellMovie;
			sourceTree = "<group>";
		};
		16D37FAB278AD67D0095AB43 /* API */ = {
			isa = PBXGroup;
			children = (
				16D37FAC278ADA000095AB43 /* Models */,
				16D37FAD278ADA080095AB43 /* Services */,
			);
			path = API;
			sourceTree = "<group>";
		};
		16D37FAC278ADA000095AB43 /* Models */ = {
			isa = PBXGroup;
			children = (
				16D37FB0278AE0F80095AB43 /* ImdbModel.swift */,
			);
			path = Models;
			sourceTree = "<group>";
		};
		16D37FAD278ADA080095AB43 /* Services */ = {
			isa = PBXGroup;
			children = (
				16D37FAE278AE0BE0095AB43 /* APImanager .swift */,
			);
			path = Services;
			sourceTree = "<group>";
		};
		563E39B9B11D1766B5349E15 /* Pods */ = {
			isa = PBXGroup;
			children = (
				38536664796A23AFB85938F9 /* Pods-M18Homework.debug.xcconfig */,
				2290FEE9D90E7D43A7E4F5FD /* Pods-M18Homework.release.xcconfig */,
			);
			path = Pods;
			sourceTree = "<group>";
		};
		9453AFB41204F9343B8DF5A4 /* Frameworks */ = {
			isa = PBXGroup;
			children = (
				DE4DBED4E3E9104222A5B952 /* Pods_M18Homework.framework */,
			);
			name = Frameworks;
			sourceTree = "<group>";
		};
/* End PBXGroup section */

/* Begin PBXNativeTarget section */
		1642145A2789A31200062E5E /* M18Homework */ = {
			isa = PBXNativeTarget;
			buildConfigurationList = 1642146F2789A31300062E5E /* Build configuration list for PBXNativeTarget "M18Homework" */;
			buildPhases = (
				FF7A97B2F748583F2E9BCB1F /* [CP] Check Pods Manifest.lock */,
				164214572789A31200062E5E /* Sources */,
				164214582789A31200062E5E /* Frameworks */,
				164214592789A31200062E5E /* Resources */,
				FF20742A4757393591CF5753 /* [CP] Embed Pods Frameworks */,
			);
			buildRules = (
			);
			dependencies = (
			);
			name = M18Homework;
			productName = M18Homework;
			productReference = 1642145B2789A31200062E5E /* M18Homework.app */;
			productType = "com.apple.product-type.application";
		};
/* End PBXNativeTarget section */

/* Begin PBXProject section */
		164214532789A31200062E5E /* Project object */ = {
			isa = PBXProject;
			attributes = {
				BuildIndependentTargetsInParallel = 1;
				LastSwiftUpdateCheck = 1320;
				LastUpgradeCheck = 1320;
				TargetAttributes = {
					1642145A2789A31200062E5E = {
						CreatedOnToolsVersion = 13.2.1;
					};
				};
			};
			buildConfigurationList = 164214562789A31200062E5E /* Build configuration list for PBXProject "M18Homework" */;
			compatibilityVersion = "Xcode 13.0";
			developmentRegion = en;
			hasScannedForEncodings = 0;
			knownRegions = (
				en,
				Base,
			);
			mainGroup = 164214522789A31200062E5E;
			productRefGroup = 1642145C2789A31200062E5E /* Products */;
			projectDirPath = "";
			projectRoot = "";
			targets = (
				1642145A2789A31200062E5E /* M18Homework */,
			);
		};
/* End PBXProject section */

/* Begin PBXResourcesBuildPhase section */
		164214592789A31200062E5E /* Resources */ = {
			isa = PBXResourcesBuildPhase;
			buildActionMask = 2147483647;
			files = (
				1642146B2789A31300062E5E /* LaunchScreen.storyboard in Resources */,
				164214682789A31300062E5E /* Assets.xcassets in Resources */,
				164214662789A31200062E5E /* Main.storyboard in Resources */,
			);
			runOnlyForDeploymentPostprocessing = 0;
		};
/* End PBXResourcesBuildPhase section */

/* Begin PBXShellScriptBuildPhase section */
		FF20742A4757393591CF5753 /* [CP] Embed Pods Frameworks */ = {
			isa = PBXShellScriptBuildPhase;
			buildActionMask = 2147483647;
			files = (
			);
			inputFileListPaths = (
				"${PODS_ROOT}/Target Support Files/Pods-M18Homework/Pods-M18Homework-frameworks-${CONFIGURATION}-input-files.xcfilelist",
			);
			name = "[CP] Embed Pods Frameworks";
			outputFileListPaths = (
				"${PODS_ROOT}/Target Support Files/Pods-M18Homework/Pods-M18Homework-frameworks-${CONFIGURATION}-output-files.xcfilelist",
			);
			runOnlyForDeploymentPostprocessing = 0;
			shellPath = /bin/sh;
			shellScript = "\"${PODS_ROOT}/Target Support Files/Pods-M18Homework/Pods-M18Homework-frameworks.sh\"\n";
			showEnvVarsInLog = 0;
		};
		FF7A97B2F748583F2E9BCB1F /* [CP] Check Pods Manifest.lock */ = {
			isa = PBXShellScriptBuildPhase;
			buildActionMask = 2147483647;
			files = (
			);
			inputFileListPaths = (
			);
			inputPaths = (
				"${PODS_PODFILE_DIR_PATH}/Podfile.lock",
				"${PODS_ROOT}/Manifest.lock",
			);
			name = "[CP] Check Pods Manifest.lock";
			outputFileListPaths = (
			);
			outputPaths = (
				"$(DERIVED_FILE_DIR)/Pods-M18Homework-checkManifestLockResult.txt",
			);
			runOnlyForDeploymentPostprocessing = 0;
			shellPath = /bin/sh;
			shellScript = "diff \"${PODS_PODFILE_DIR_PATH}/Podfile.lock\" \"${PODS_ROOT}/Manifest.lock\" > /dev/null\nif [ $? != 0 ] ; then\n    # print error to STDERR\n    echo \"error: The sandbox is not in sync with the Podfile.lock. Run 'pod install' or update your CocoaPods installation.\" >&2\n    exit 1\nfi\n# This output is used by Xcode 'outputs' to avoid re-running this script phase.\necho \"SUCCESS\" > \"${SCRIPT_OUTPUT_FILE_0}\"\n";
			showEnvVarsInLog = 0;
		};
/* End PBXShellScriptBuildPhase section */

/* Begin PBXSourcesBuildPhase section */
		164214572789A31200062E5E /* Sources */ = {
			isa = PBXSourcesBuildPhase;
			buildActionMask = 2147483647;
			files = (
				1675266B278EDFC600A97C05 /* CellMovieModel.swift in Sources */,
				164214632789A31200062E5E /* ViewController.swift in Sources */,
				16D37FAF278AE0BE0095AB43 /* APImanager .swift in Sources */,
				1642145F2789A31200062E5E /* AppDelegate.swift in Sources */,
				164214612789A31200062E5E /* SceneDelegate.swift in Sources */,
				16D37FB1278AE0F80095AB43 /* ImdbModel.swift in Sources */,
				1675266D278EDFD600A97C05 /* CellMovie.swift in Sources */,
			);
			runOnlyForDeploymentPostprocessing = 0;
		};
/* End PBXSourcesBuildPhase section */

/* Begin PBXVariantGroup section */
		164214642789A31200062E5E /* Main.storyboard */ = {
			isa = PBXVariantGroup;
			children = (
				164214652789A31200062E5E /* Base */,
			);
			name = Main.storyboard;
			sourceTree = "<group>";
		};
		164214692789A31300062E5E /* LaunchScreen.storyboard */ = {
			isa = PBXVariantGroup;
			children = (
				1642146A2789A31300062E5E /* Base */,
			);
			name = LaunchScreen.storyboard;
			sourceTree = "<group>";
		};
/* End PBXVariantGroup section */

/* Begin XCBuildConfiguration section */
		1642146D2789A31300062E5E /* Debug */ = {
			isa = XCBuildConfiguration;
			buildSettings = {
				ALWAYS_SEARCH_USER_PATHS = NO;
				CLANG_ANALYZER_NONNULL = YES;
				CLANG_ANALYZER_NUMBER_OBJECT_CONVERSION = YES_AGGRESSIVE;
				CLANG_CXX_LANGUAGE_STANDARD = "gnu++17";
				CLANG_CXX_LIBRARY = "libc++";
				CLANG_ENABLE_MODULES = YES;
				CLANG_ENABLE_OBJC_ARC = YES;
				CLANG_ENABLE_OBJC_WEAK = YES;
				CLANG_WARN_BLOCK_CAPTURE_AUTORELEASING = YES;
				CLANG_WARN_BOOL_CONVERSION = YES;
				CLANG_WARN_COMMA = YES;
				CLANG_WARN_CONSTANT_CONVERSION = YES;
				CLANG_WARN_DEPRECATED_OBJC_IMPLEMENTATIONS = YES;
				CLANG_WARN_DIRECT_OBJC_ISA_USAGE = YES_ERROR;
				CLANG_WARN_DOCUMENTATION_COMMENTS = YES;
				CLANG_WARN_EMPTY_BODY = YES;
				CLANG_WARN_ENUM_CONVERSION = YES;
				CLANG_WARN_INFINITE_RECURSION = YES;
				CLANG_WARN_INT_CONVERSION = YES;
				CLANG_WARN_NON_LITERAL_NULL_CONVERSION = YES;
				CLANG_WARN_OBJC_IMPLICIT_RETAIN_SELF = YES;
				CLANG_WARN_OBJC_LITERAL_CONVERSION = YES;
				CLANG_WARN_OBJC_ROOT_CLASS = YES_ERROR;
				CLANG_WARN_QUOTED_INCLUDE_IN_FRAMEWORK_HEADER = YES;
				CLANG_WARN_RANGE_LOOP_ANALYSIS = YES;
				CLANG_WARN_STRICT_PROTOTYPES = YES;
				CLANG_WARN_SUSPICIOUS_MOVE = YES;
				CLANG_WARN_UNGUARDED_AVAILABILITY = YES_AGGRESSIVE;
				CLANG_WARN_UNREACHABLE_CODE = YES;
				CLANG_WARN__DUPLICATE_METHOD_MATCH = YES;
				COPY_PHASE_STRIP = NO;
				DEBUG_INFORMATION_FORMAT = dwarf;
				ENABLE_STRICT_OBJC_MSGSEND = YES;
				ENABLE_TESTABILITY = YES;
				GCC_C_LANGUAGE_STANDARD = gnu11;
				GCC_DYNAMIC_NO_PIC = NO;
				GCC_NO_COMMON_BLOCKS = YES;
				GCC_OPTIMIZATION_LEVEL = 0;
				GCC_PREPROCESSOR_DEFINITIONS = (
					"DEBUG=1",
					"$(inherited)",
				);
				GCC_WARN_64_TO_32_BIT_CONVERSION = YES;
				GCC_WARN_ABOUT_RETURN_TYPE = YES_ERROR;
				GCC_WARN_UNDECLARED_SELECTOR = YES;
				GCC_WARN_UNINITIALIZED_AUTOS = YES_AGGRESSIVE;
				GCC_WARN_UNUSED_FUNCTION = YES;
				GCC_WARN_UNUSED_VARIABLE = YES;
				IPHONEOS_DEPLOYMENT_TARGET = 15.2;
				MTL_ENABLE_DEBUG_INFO = INCLUDE_SOURCE;
				MTL_FAST_MATH = YES;
				ONLY_ACTIVE_ARCH = YES;
				SDKROOT = iphoneos;
				SWIFT_ACTIVE_COMPILATION_CONDITIONS = DEBUG;
				SWIFT_OPTIMIZATION_LEVEL = "-Onone";
			};
			name = Debug;
		};
		1642146E2789A31300062E5E /* Release */ = {
			isa = XCBuildConfiguration;
			buildSettings = {
				ALWAYS_SEARCH_USER_PATHS = NO;
				CLANG_ANALYZER_NONNULL = YES;
				CLANG_ANALYZER_NUMBER_OBJECT_CONVERSION = YES_AGGRESSIVE;
				CLANG_CXX_LANGUAGE_STANDARD = "gnu++17";
				CLANG_CXX_LIBRARY = "libc++";
				CLANG_ENABLE_MODULES = YES;
				CLANG_ENABLE_OBJC_ARC = YES;
				CLANG_ENABLE_OBJC_WEAK = YES;
				CLANG_WARN_BLOCK_CAPTURE_AUTORELEASING = YES;
				CLANG_WARN_BOOL_CONVERSION = YES;
				CLANG_WARN_COMMA = YES;
				CLANG_WARN_CONSTANT_CONVERSION = YES;
				CLANG_WARN_DEPRECATED_OBJC_IMPLEMENTATIONS = YES;
				CLANG_WARN_DIRECT_OBJC_ISA_USAGE = YES_ERROR;
				CLANG_WARN_DOCUMENTATION_COMMENTS = YES;
				CLANG_WARN_EMPTY_BODY = YES;
				CLANG_WARN_ENUM_CONVERSION = YES;
				CLANG_WARN_INFINITE_RECURSION = YES;
				CLANG_WARN_INT_CONVERSION = YES;
				CLANG_WARN_NON_LITERAL_NULL_CONVERSION = YES;
				CLANG_WARN_OBJC_IMPLICIT_RETAIN_SELF = YES;
				CLANG_WARN_OBJC_LITERAL_CONVERSION = YES;
				CLANG_WARN_OBJC_ROOT_CLASS = YES_ERROR;
				CLANG_WARN_QUOTED_INCLUDE_IN_FRAMEWORK_HEADER = YES;
				CLANG_WARN_RANGE_LOOP_ANALYSIS = YES;
				CLANG_WARN_STRICT_PROTOTYPES = YES;
				CLANG_WARN_SUSPICIOUS_MOVE = YES;
				CLANG_WARN_UNGUARDED_AVAILABILITY = YES_AGGRESSIVE;
				CLANG_WARN_UNREACHABLE_CODE = YES;
				CLANG_WARN__DUPLICATE_METHOD_MATCH = YES;
				COPY_PHASE_STRIP = NO;
				DEBUG_INFORMATION_FORMAT = "dwarf-with-dsym";
				ENABLE_NS_ASSERTIONS = NO;
				ENABLE_STRICT_OBJC_MSGSEND = YES;
				GCC_C_LANGUAGE_STANDARD = gnu11;
				GCC_NO_COMMON_BLOCKS = YES;
				GCC_WARN_64_TO_32_BIT_CONVERSION = YES;
				GCC_WARN_ABOUT_RETURN_TYPE = YES_ERROR;
				GCC_WARN_UNDECLARED_SELECTOR = YES;
				GCC_WARN_UNINITIALIZED_AUTOS = YES_AGGRESSIVE;
				GCC_WARN_UNUSED_FUNCTION = YES;
				GCC_WARN_UNUSED_VARIABLE = YES;
				IPHONEOS_DEPLOYMENT_TARGET = 15.2;
				MTL_ENABLE_DEBUG_INFO = NO;
				MTL_FAST_MATH = YES;
				SDKROOT = iphoneos;
				SWIFT_COMPILATION_MODE = wholemodule;
				SWIFT_OPTIMIZATION_LEVEL = "-O";
				VALIDATE_PRODUCT = YES;
			};
			name = Release;
		};
		164214702789A31300062E5E /* Debug */ = {
			isa = XCBuildConfiguration;
			baseConfigurationReference = 38536664796A23AFB85938F9 /* Pods-M18Homework.debug.xcconfig */;
			buildSettings = {
				ASSETCATALOG_COMPILER_APPICON_NAME = AppIcon;
				ASSETCATALOG_COMPILER_GLOBAL_ACCENT_COLOR_NAME = AccentColor;
				CODE_SIGN_STYLE = Automatic;
				CURRENT_PROJECT_VERSION = 1;
				DEVELOPMENT_TEAM = 66N44RWW2U;
				GENERATE_INFOPLIST_FILE = YES;
				INFOPLIST_FILE = M18Homework/Info.plist;
				INFOPLIST_KEY_UIApplicationSupportsIndirectInputEvents = YES;
				INFOPLIST_KEY_UILaunchStoryboardName = LaunchScreen;
				INFOPLIST_KEY_UIMainStoryboardFile = Main;
				INFOPLIST_KEY_UISupportedInterfaceOrientations_iPad = "UIInterfaceOrientationPortrait UIInterfaceOrientationPortraitUpsideDown UIInterfaceOrientationLandscapeLeft UIInterfaceOrientationLandscapeRight";
				INFOPLIST_KEY_UISupportedInterfaceOrientations_iPhone = "UIInterfaceOrientationPortrait UIInterfaceOrientationLandscapeLeft UIInterfaceOrientationLandscapeRight";
				IPHONEOS_DEPLOYMENT_TARGET = 15.2;
				LD_RUNPATH_SEARCH_PATHS = (
					"$(inherited)",
					"@executable_path/Frameworks",
				);
				MARKETING_VERSION = 1.0;
				PRODUCT_BUNDLE_IDENTIFIER = Skillbox.M18Homework;
				PRODUCT_NAME = "$(TARGET_NAME)";
				SWIFT_EMIT_LOC_STRINGS = YES;
				SWIFT_VERSION = 5.0;
				TARGETED_DEVICE_FAMILY = 1;
			};
			name = Debug;
		};
		164214712789A31300062E5E /* Release */ = {
			isa = XCBuildConfiguration;
			baseConfigurationReference = 2290FEE9D90E7D43A7E4F5FD /* Pods-M18Homework.release.xcconfig */;
			buildSettings = {
				ASSETCATALOG_COMPILER_APPICON_NAME = AppIcon;
				ASSETCATALOG_COMPILER_GLOBAL_ACCENT_COLOR_NAME = AccentColor;
				CODE_SIGN_STYLE = Automatic;
				CURRENT_PROJECT_VERSION = 1;
				DEVELOPMENT_TEAM = 66N44RWW2U;
				GENERATE_INFOPLIST_FILE = YES;
				INFOPLIST_FILE = M18Homework/Info.plist;
				INFOPLIST_KEY_UIApplicationSupportsIndirectInputEvents = YES;
				INFOPLIST_KEY_UILaunchStoryboardName = LaunchScreen;
				INFOPLIST_KEY_UIMainStoryboardFile = Main;
				INFOPLIST_KEY_UISupportedInterfaceOrientations_iPad = "UIInterfaceOrientationPortrait UIInterfaceOrientationPortraitUpsideDown UIInterfaceOrientationLandscapeLeft UIInterfaceOrientationLandscapeRight";
				INFOPLIST_KEY_UISupportedInterfaceOrientations_iPhone = "UIInterfaceOrientationPortrait UIInterfaceOrientationLandscapeLeft UIInterfaceOrientationLandscapeRight";
				IPHONEOS_DEPLOYMENT_TARGET = 15.2;
				LD_RUNPATH_SEARCH_PATHS = (
					"$(inherited)",
					"@executable_path/Frameworks",
				);
				MARKETING_VERSION = 1.0;
				PRODUCT_BUNDLE_IDENTIFIER = Skillbox.M18Homework;
				PRODUCT_NAME = "$(TARGET_NAME)";
				SWIFT_EMIT_LOC_STRINGS = YES;
				SWIFT_VERSION = 5.0;
				TARGETED_DEVICE_FAMILY = 1;
			};
			name = Release;
		};
/* End XCBuildConfiguration section */

/* Begin XCConfigurationList section */
		164214562789A31200062E5E /* Build configuration list for PBXProject "M18Homework" */ = {
			isa = XCConfigurationList;
			buildConfigurations = (
				1642146D2789A31300062E5E /* Debug */,
				1642146E2789A31300062E5E /* Release */,
			);
			defaultConfigurationIsVisible = 0;
			defaultConfigurationName = Release;
		};
		1642146F2789A31300062E5E /* Build configuration list for PBXNativeTarget "M18Homework" */ = {
			isa = XCConfigurationList;
			buildConfigurations = (
				164214702789A31300062E5E /* Debug */,
				164214712789A31300062E5E /* Release */,
			);
			defaultConfigurationIsVisible = 0;
			defaultConfigurationName = Release;
		};
/* End XCConfigurationList section */
	};
	rootObject = 164214532789A31200062E5E /* Project object */;
}
